// !$*UTF8*$!
{
	archiveVersion = 1;
	classes = {
	};
	objectVersion = 55;
	objects = {

/* Begin PBXBuildFile section */
		A46A3EAB2A41ED0400D1FC0E /* String+Extension.swift in Sources */ = {isa = PBXBuildFile; fileRef = A46A3EAA2A41ED0400D1FC0E /* String+Extension.swift */; };
		A46A3EB12A41F63F00D1FC0E /* CustomButton.swift in Sources */ = {isa = PBXBuildFile; fileRef = A46A3EB02A41F63F00D1FC0E /* CustomButton.swift */; };
		A46A3EB42A41FF6B00D1FC0E /* AlertNotification.swift in Sources */ = {isa = PBXBuildFile; fileRef = A46A3EB32A41FF6B00D1FC0E /* AlertNotification.swift */; };
		A4A763552A22957A005FF392 /* LogincCoordinator.swift in Sources */ = {isa = PBXBuildFile; fileRef = A4A7634F2A22957A005FF392 /* LogincCoordinator.swift */; };
		A4A763562A22957A005FF392 /* ProfileCoordinator.swift in Sources */ = {isa = PBXBuildFile; fileRef = A4A763502A22957A005FF392 /* ProfileCoordinator.swift */; };
		A4A763572A22957A005FF392 /* TabBarCoordinator.swift in Sources */ = {isa = PBXBuildFile; fileRef = A4A763512A22957A005FF392 /* TabBarCoordinator.swift */; };
		A4A763582A22957A005FF392 /* ProtocolCoordinator.swift in Sources */ = {isa = PBXBuildFile; fileRef = A4A763522A22957A005FF392 /* ProtocolCoordinator.swift */; };
		A4A763592A22957A005FF392 /* MainCoordinator.swift in Sources */ = {isa = PBXBuildFile; fileRef = A4A763532A22957A005FF392 /* MainCoordinator.swift */; };
		A4A7635A2A22957A005FF392 /* FeedCoordinator.swift in Sources */ = {isa = PBXBuildFile; fileRef = A4A763542A22957A005FF392 /* FeedCoordinator.swift */; };
		A4A7635E2A229598005FF392 /* AppDelegate.swift in Sources */ = {isa = PBXBuildFile; fileRef = A4A7635C2A229598005FF392 /* AppDelegate.swift */; };
		A4A7635F2A229598005FF392 /* SceneDelegate.swift in Sources */ = {isa = PBXBuildFile; fileRef = A4A7635D2A229598005FF392 /* SceneDelegate.swift */; };
		A4A763632A2295B4005FF392 /* LoginViewModel.swift in Sources */ = {isa = PBXBuildFile; fileRef = A4A763612A2295B4005FF392 /* LoginViewModel.swift */; };
		A4A763642A2295B4005FF392 /* LoginViewController.swift in Sources */ = {isa = PBXBuildFile; fileRef = A4A763622A2295B4005FF392 /* LoginViewController.swift */; };
		A4A763682A2295BC005FF392 /* FeedViewModel.swift in Sources */ = {isa = PBXBuildFile; fileRef = A4A763662A2295BC005FF392 /* FeedViewModel.swift */; };
		A4A763692A2295BC005FF392 /* FeedViewController.swift in Sources */ = {isa = PBXBuildFile; fileRef = A4A763672A2295BC005FF392 /* FeedViewController.swift */; };
		A4A763702A229645005FF392 /* ProfileViewController.swift in Sources */ = {isa = PBXBuildFile; fileRef = A4A7636F2A229645005FF392 /* ProfileViewController.swift */; };
		A4A763742A22967C005FF392 /* ProfileViewModel.swift in Sources */ = {isa = PBXBuildFile; fileRef = A4A763732A22967C005FF392 /* ProfileViewModel.swift */; };
		A4A763782A2296AE005FF392 /* Assets.xcassets in Resources */ = {isa = PBXBuildFile; fileRef = A4A763762A2296AE005FF392 /* Assets.xcassets */; };
		A4A763792A2296AE005FF392 /* LaunchScreen.storyboard in Resources */ = {isa = PBXBuildFile; fileRef = A4A763772A2296AE005FF392 /* LaunchScreen.storyboard */; };
/* End PBXBuildFile section */

/* Begin PBXFileReference section */
		A46A3EAA2A41ED0400D1FC0E /* String+Extension.swift */ = {isa = PBXFileReference; lastKnownFileType = sourcecode.swift; path = "String+Extension.swift"; sourceTree = "<group>"; };
		A46A3EB02A41F63F00D1FC0E /* CustomButton.swift */ = {isa = PBXFileReference; lastKnownFileType = sourcecode.swift; path = CustomButton.swift; sourceTree = "<group>"; };
		A46A3EB32A41FF6B00D1FC0E /* AlertNotification.swift */ = {isa = PBXFileReference; lastKnownFileType = sourcecode.swift; path = AlertNotification.swift; sourceTree = "<group>"; };
		A4A763372A2294E1005FF392 /* Demo_SwitchFromLoginToTabBar.app */ = {isa = PBXFileReference; explicitFileType = wrapper.application; includeInIndex = 0; path = Demo_SwitchFromLoginToTabBar.app; sourceTree = BUILT_PRODUCTS_DIR; };
		A4A763482A2294E6005FF392 /* Info.plist */ = {isa = PBXFileReference; lastKnownFileType = text.plist.xml; path = Info.plist; sourceTree = "<group>"; };
		A4A7634F2A22957A005FF392 /* LogincCoordinator.swift */ = {isa = PBXFileReference; fileEncoding = 4; lastKnownFileType = sourcecode.swift; path = LogincCoordinator.swift; sourceTree = "<group>"; };
		A4A763502A22957A005FF392 /* ProfileCoordinator.swift */ = {isa = PBXFileReference; fileEncoding = 4; lastKnownFileType = sourcecode.swift; path = ProfileCoordinator.swift; sourceTree = "<group>"; };
		A4A763512A22957A005FF392 /* TabBarCoordinator.swift */ = {isa = PBXFileReference; fileEncoding = 4; lastKnownFileType = sourcecode.swift; path = TabBarCoordinator.swift; sourceTree = "<group>"; };
		A4A763522A22957A005FF392 /* ProtocolCoordinator.swift */ = {isa = PBXFileReference; fileEncoding = 4; lastKnownFileType = sourcecode.swift; path = ProtocolCoordinator.swift; sourceTree = "<group>"; };
		A4A763532A22957A005FF392 /* MainCoordinator.swift */ = {isa = PBXFileReference; fileEncoding = 4; lastKnownFileType = sourcecode.swift; path = MainCoordinator.swift; sourceTree = "<group>"; };
		A4A763542A22957A005FF392 /* FeedCoordinator.swift */ = {isa = PBXFileReference; fileEncoding = 4; lastKnownFileType = sourcecode.swift; path = FeedCoordinator.swift; sourceTree = "<group>"; };
		A4A7635C2A229598005FF392 /* AppDelegate.swift */ = {isa = PBXFileReference; fileEncoding = 4; lastKnownFileType = sourcecode.swift; path = AppDelegate.swift; sourceTree = "<group>"; };
		A4A7635D2A229598005FF392 /* SceneDelegate.swift */ = {isa = PBXFileReference; fileEncoding = 4; lastKnownFileType = sourcecode.swift; path = SceneDelegate.swift; sourceTree = "<group>"; };
		A4A763612A2295B4005FF392 /* LoginViewModel.swift */ = {isa = PBXFileReference; fileEncoding = 4; lastKnownFileType = sourcecode.swift; path = LoginViewModel.swift; sourceTree = "<group>"; };
		A4A763622A2295B4005FF392 /* LoginViewController.swift */ = {isa = PBXFileReference; fileEncoding = 4; lastKnownFileType = sourcecode.swift; path = LoginViewController.swift; sourceTree = "<group>"; };
		A4A763662A2295BC005FF392 /* FeedViewModel.swift */ = {isa = PBXFileReference; fileEncoding = 4; lastKnownFileType = sourcecode.swift; path = FeedViewModel.swift; sourceTree = "<group>"; };
		A4A763672A2295BC005FF392 /* FeedViewController.swift */ = {isa = PBXFileReference; fileEncoding = 4; lastKnownFileType = sourcecode.swift; path = FeedViewController.swift; sourceTree = "<group>"; };
		A4A7636F2A229645005FF392 /* ProfileViewController.swift */ = {isa = PBXFileReference; lastKnownFileType = sourcecode.swift; path = ProfileViewController.swift; sourceTree = "<group>"; };
		A4A763732A22967C005FF392 /* ProfileViewModel.swift */ = {isa = PBXFileReference; lastKnownFileType = sourcecode.swift; path = ProfileViewModel.swift; sourceTree = "<group>"; };
		A4A763762A2296AE005FF392 /* Assets.xcassets */ = {isa = PBXFileReference; lastKnownFileType = folder.assetcatalog; path = Assets.xcassets; sourceTree = "<group>"; };
		A4A763772A2296AE005FF392 /* LaunchScreen.storyboard */ = {isa = PBXFileReference; fileEncoding = 4; lastKnownFileType = file.storyboard; path = LaunchScreen.storyboard; sourceTree = "<group>"; };
/* End PBXFileReference section */

/* Begin PBXFrameworksBuildPhase section */
		A4A763342A2294E1005FF392 /* Frameworks */ = {
			isa = PBXFrameworksBuildPhase;
			buildActionMask = 2147483647;
			files = (
			);
			runOnlyForDeploymentPostprocessing = 0;
		};
/* End PBXFrameworksBuildPhase section */

/* Begin PBXGroup section */
		A46A3EA92A41ECF600D1FC0E /* Extension */ = {
			isa = PBXGroup;
			children = (
				A46A3EAA2A41ED0400D1FC0E /* String+Extension.swift */,
			);
			path = Extension;
			sourceTree = "<group>";
		};
		A46A3EAF2A41F62F00D1FC0E /* CustomUI */ = {
			isa = PBXGroup;
			children = (
				A46A3EB02A41F63F00D1FC0E /* CustomButton.swift */,
			);
			path = CustomUI;
			sourceTree = "<group>";
		};
		A46A3EB22A41FF5600D1FC0E /* PublicModel */ = {
			isa = PBXGroup;
			children = (
				A46A3EB32A41FF6B00D1FC0E /* AlertNotification.swift */,
			);
			path = PublicModel;
			sourceTree = "<group>";
		};
		A4A7632E2A2294E1005FF392 = {
			isa = PBXGroup;
			children = (
				A4A763392A2294E1005FF392 /* Demo_SwitchFromLoginToTabBar */,
				A4A763382A2294E1005FF392 /* Products */,
			);
			sourceTree = "<group>";
		};
		A4A763382A2294E1005FF392 /* Products */ = {
			isa = PBXGroup;
			children = (
				A4A763372A2294E1005FF392 /* Demo_SwitchFromLoginToTabBar.app */,
			);
			name = Products;
			sourceTree = "<group>";
		};
		A4A763392A2294E1005FF392 /* Demo_SwitchFromLoginToTabBar */ = {
			isa = PBXGroup;
			children = (
				A46A3EB22A41FF5600D1FC0E /* PublicModel */,
				A46A3EAF2A41F62F00D1FC0E /* CustomUI */,
				A46A3EA92A41ECF600D1FC0E /* Extension */,
				A4A7635B2A229598005FF392 /* Application */,
				A4A7634E2A22957A005FF392 /* Coordinators */,
				A4A763602A2295B4005FF392 /* Login */,
				A4A763652A2295BC005FF392 /* Feed */,
				A4A763722A22966D005FF392 /* Profile */,
				A4A763752A229690005FF392 /* Resources */,
			);
			path = Demo_SwitchFromLoginToTabBar;
			sourceTree = "<group>";
		};
		A4A7634E2A22957A005FF392 /* Coordinators */ = {
			isa = PBXGroup;
			children = (
				A4A7634F2A22957A005FF392 /* LogincCoordinator.swift */,
				A4A763502A22957A005FF392 /* ProfileCoordinator.swift */,
				A4A763512A22957A005FF392 /* TabBarCoordinator.swift */,
				A4A763522A22957A005FF392 /* ProtocolCoordinator.swift */,
				A4A763532A22957A005FF392 /* MainCoordinator.swift */,
				A4A763542A22957A005FF392 /* FeedCoordinator.swift */,
			);
			path = Coordinators;
			sourceTree = "<group>";
		};
		A4A7635B2A229598005FF392 /* Application */ = {
			isa = PBXGroup;
			children = (
				A4A7635C2A229598005FF392 /* AppDelegate.swift */,
				A4A7635D2A229598005FF392 /* SceneDelegate.swift */,
			);
			path = Application;
			sourceTree = "<group>";
		};
		A4A763602A2295B4005FF392 /* Login */ = {
			isa = PBXGroup;
			children = (
				A4A763612A2295B4005FF392 /* LoginViewModel.swift */,
				A4A763622A2295B4005FF392 /* LoginViewController.swift */,
			);
			path = Login;
			sourceTree = "<group>";
		};
		A4A763652A2295BC005FF392 /* Feed */ = {
			isa = PBXGroup;
			children = (
				A4A763662A2295BC005FF392 /* FeedViewModel.swift */,
				A4A763672A2295BC005FF392 /* FeedViewController.swift */,
			);
			path = Feed;
			sourceTree = "<group>";
		};
		A4A763722A22966D005FF392 /* Profile */ = {
			isa = PBXGroup;
			children = (
				A4A763732A22967C005FF392 /* ProfileViewModel.swift */,
				A4A7636F2A229645005FF392 /* ProfileViewController.swift */,
			);
			path = Profile;
			sourceTree = "<group>";
		};
		A4A763752A229690005FF392 /* Resources */ = {
			isa = PBXGroup;
			children = (
				A4A763482A2294E6005FF392 /* Info.plist */,
				A4A763762A2296AE005FF392 /* Assets.xcassets */,
				A4A763772A2296AE005FF392 /* LaunchScreen.storyboard */,
			);
			path = Resources;
			sourceTree = "<group>";
		};
/* End PBXGroup section */

/* Begin PBXNativeTarget section */
		A4A763362A2294E1005FF392 /* Demo_SwitchFromLoginToTabBar */ = {
			isa = PBXNativeTarget;
			buildConfigurationList = A4A7634B2A2294E6005FF392 /* Build configuration list for PBXNativeTarget "Demo_SwitchFromLoginToTabBar" */;
			buildPhases = (
				A4A763332A2294E1005FF392 /* Sources */,
				A4A763342A2294E1005FF392 /* Frameworks */,
				A4A763352A2294E1005FF392 /* Resources */,
			);
			buildRules = (
			);
			dependencies = (
			);
			name = Demo_SwitchFromLoginToTabBar;
			productName = Demo_SwitchFromLoginToTabBar;
			productReference = A4A763372A2294E1005FF392 /* Demo_SwitchFromLoginToTabBar.app */;
			productType = "com.apple.product-type.application";
		};
/* End PBXNativeTarget section */

/* Begin PBXProject section */
		A4A7632F2A2294E1005FF392 /* Project object */ = {
			isa = PBXProject;
			attributes = {
				BuildIndependentTargetsInParallel = 1;
				LastSwiftUpdateCheck = 1340;
				LastUpgradeCheck = 1340;
				TargetAttributes = {
					A4A763362A2294E1005FF392 = {
						CreatedOnToolsVersion = 13.4.1;
					};
				};
			};
			buildConfigurationList = A4A763322A2294E1005FF392 /* Build configuration list for PBXProject "Demo_SwitchFromLoginToTabBar" */;
			compatibilityVersion = "Xcode 13.0";
			developmentRegion = en;
			hasScannedForEncodings = 0;
			knownRegions = (
				en,
				Base,
			);
			mainGroup = A4A7632E2A2294E1005FF392;
			productRefGroup = A4A763382A2294E1005FF392 /* Products */;
			projectDirPath = "";
			projectRoot = "";
			targets = (
				A4A763362A2294E1005FF392 /* Demo_SwitchFromLoginToTabBar */,
			);
		};
/* End PBXProject section */

/* Begin PBXResourcesBuildPhase section */
		A4A763352A2294E1005FF392 /* Resources */ = {
			isa = PBXResourcesBuildPhase;
			buildActionMask = 2147483647;
			files = (
				A4A763782A2296AE005FF392 /* Assets.xcassets in Resources */,
				A4A763792A2296AE005FF392 /* LaunchScreen.storyboard in Resources */,
			);
			runOnlyForDeploymentPostprocessing = 0;
		};
/* End PBXResourcesBuildPhase section */

/* Begin PBXSourcesBuildPhase section */
		A4A763332A2294E1005FF392 /* Sources */ = {
			isa = PBXSourcesBuildPhase;
			buildActionMask = 2147483647;
			files = (
				A4A763592A22957A005FF392 /* MainCoordinator.swift in Sources */,
				A4A763582A22957A005FF392 /* ProtocolCoordinator.swift in Sources */,
				A4A763572A22957A005FF392 /* TabBarCoordinator.swift in Sources */,
				A4A763552A22957A005FF392 /* LogincCoordinator.swift in Sources */,
				A46A3EB42A41FF6B00D1FC0E /* AlertNotification.swift in Sources */,
				A4A763562A22957A005FF392 /* ProfileCoordinator.swift in Sources */,
				A4A763682A2295BC005FF392 /* FeedViewModel.swift in Sources */,
				A4A763742A22967C005FF392 /* ProfileViewModel.swift in Sources */,
				A4A7635F2A229598005FF392 /* SceneDelegate.swift in Sources */,
				A4A7635A2A22957A005FF392 /* FeedCoordinator.swift in Sources */,
				A4A7635E2A229598005FF392 /* AppDelegate.swift in Sources */,
				A46A3EAB2A41ED0400D1FC0E /* String+Extension.swift in Sources */,
				A4A763642A2295B4005FF392 /* LoginViewController.swift in Sources */,
				A46A3EB12A41F63F00D1FC0E /* CustomButton.swift in Sources */,
				A4A763702A229645005FF392 /* ProfileViewController.swift in Sources */,
				A4A763692A2295BC005FF392 /* FeedViewController.swift in Sources */,
				A4A763632A2295B4005FF392 /* LoginViewModel.swift in Sources */,
			);
			runOnlyForDeploymentPostprocessing = 0;
		};
/* End PBXSourcesBuildPhase section */

/* Begin XCBuildConfiguration section */
		A4A763492A2294E6005FF392 /* Debug */ = {
			isa = XCBuildConfiguration;
			buildSettings = {
				ALWAYS_SEARCH_USER_PATHS = NO;
				CLANG_ANALYZER_NONNULL = YES;
				CLANG_ANALYZER_NUMBER_OBJECT_CONVERSION = YES_AGGRESSIVE;
				CLANG_CXX_LANGUAGE_STANDARD = "gnu++17";
				CLANG_ENABLE_MODULES = YES;
				CLANG_ENABLE_OBJC_ARC = YES;
				CLANG_ENABLE_OBJC_WEAK = YES;
				CLANG_WARN_BLOCK_CAPTURE_AUTORELEASING = YES;
				CLANG_WARN_BOOL_CONVERSION = YES;
				CLANG_WARN_COMMA = YES;
				CLANG_WARN_CONSTANT_CONVERSION = YES;
				CLANG_WARN_DEPRECATED_OBJC_IMPLEMENTATIONS = YES;
				CLANG_WARN_DIRECT_OBJC_ISA_USAGE = YES_ERROR;
				CLANG_WARN_DOCUMENTATION_COMMENTS = YES;
				CLANG_WARN_EMPTY_BODY = YES;
				CLANG_WARN_ENUM_CONVERSION = YES;
				CLANG_WARN_INFINITE_RECURSION = YES;
				CLANG_WARN_INT_CONVERSION = YES;
				CLANG_WARN_NON_LITERAL_NULL_CONVERSION = YES;
				CLANG_WARN_OBJC_IMPLICIT_RETAIN_SELF = YES;
				CLANG_WARN_OBJC_LITERAL_CONVERSION = YES;
				CLANG_WARN_OBJC_ROOT_CLASS = YES_ERROR;
				CLANG_WARN_QUOTED_INCLUDE_IN_FRAMEWORK_HEADER = YES;
				CLANG_WARN_RANGE_LOOP_ANALYSIS = YES;
				CLANG_WARN_STRICT_PROTOTYPES = YES;
				CLANG_WARN_SUSPICIOUS_MOVE = YES;
				CLANG_WARN_UNGUARDED_AVAILABILITY = YES_AGGRESSIVE;
				CLANG_WARN_UNREACHABLE_CODE = YES;
				CLANG_WARN__DUPLICATE_METHOD_MATCH = YES;
				COPY_PHASE_STRIP = NO;
				DEBUG_INFORMATION_FORMAT = dwarf;
				ENABLE_STRICT_OBJC_MSGSEND = YES;
				ENABLE_TESTABILITY = YES;
				GCC_C_LANGUAGE_STANDARD = gnu11;
				GCC_DYNAMIC_NO_PIC = NO;
				GCC_NO_COMMON_BLOCKS = YES;
				GCC_OPTIMIZATION_LEVEL = 0;
				GCC_PREPROCESSOR_DEFINITIONS = (
					"DEBUG=1",
					"$(inherited)",
				);
				GCC_WARN_64_TO_32_BIT_CONVERSION = YES;
				GCC_WARN_ABOUT_RETURN_TYPE = YES_ERROR;
				GCC_WARN_UNDECLARED_SELECTOR = YES;
				GCC_WARN_UNINITIALIZED_AUTOS = YES_AGGRESSIVE;
				GCC_WARN_UNUSED_FUNCTION = YES;
				GCC_WARN_UNUSED_VARIABLE = YES;
				IPHONEOS_DEPLOYMENT_TARGET = 15.5;
				MTL_ENABLE_DEBUG_INFO = INCLUDE_SOURCE;
				MTL_FAST_MATH = YES;
				ONLY_ACTIVE_ARCH = YES;
				SDKROOT = iphoneos;
				SWIFT_ACTIVE_COMPILATION_CONDITIONS = DEBUG;
				SWIFT_OPTIMIZATION_LEVEL = "-Onone";
			};
			name = Debug;
		};
		A4A7634A2A2294E6005FF392 /* Release */ = {
			isa = XCBuildConfiguration;
			buildSettings = {
				ALWAYS_SEARCH_USER_PATHS = NO;
				CLANG_ANALYZER_NONNULL = YES;
				CLANG_ANALYZER_NUMBER_OBJECT_CONVERSION = YES_AGGRESSIVE;
				CLANG_CXX_LANGUAGE_STANDARD = "gnu++17";
				CLANG_ENABLE_MODULES = YES;
				CLANG_ENABLE_OBJC_ARC = YES;
				CLANG_ENABLE_OBJC_WEAK = YES;
				CLANG_WARN_BLOCK_CAPTURE_AUTORELEASING = YES;
				CLANG_WARN_BOOL_CONVERSION = YES;
				CLANG_WARN_COMMA = YES;
				CLANG_WARN_CONSTANT_CONVERSION = YES;
				CLANG_WARN_DEPRECATED_OBJC_IMPLEMENTATIONS = YES;
				CLANG_WARN_DIRECT_OBJC_ISA_USAGE = YES_ERROR;
				CLANG_WARN_DOCUMENTATION_COMMENTS = YES;
				CLANG_WARN_EMPTY_BODY = YES;
				CLANG_WARN_ENUM_CONVERSION = YES;
				CLANG_WARN_INFINITE_RECURSION = YES;
				CLANG_WARN_INT_CONVERSION = YES;
				CLANG_WARN_NON_LITERAL_NULL_CONVERSION = YES;
				CLANG_WARN_OBJC_IMPLICIT_RETAIN_SELF = YES;
				CLANG_WARN_OBJC_LITERAL_CONVERSION = YES;
				CLANG_WARN_OBJC_ROOT_CLASS = YES_ERROR;
				CLANG_WARN_QUOTED_INCLUDE_IN_FRAMEWORK_HEADER = YES;
				CLANG_WARN_RANGE_LOOP_ANALYSIS = YES;
				CLANG_WARN_STRICT_PROTOTYPES = YES;
				CLANG_WARN_SUSPICIOUS_MOVE = YES;
				CLANG_WARN_UNGUARDED_AVAILABILITY = YES_AGGRESSIVE;
				CLANG_WARN_UNREACHABLE_CODE = YES;
				CLANG_WARN__DUPLICATE_METHOD_MATCH = YES;
				COPY_PHASE_STRIP = NO;
				DEBUG_INFORMATION_FORMAT = "dwarf-with-dsym";
				ENABLE_NS_ASSERTIONS = NO;
				ENABLE_STRICT_OBJC_MSGSEND = YES;
				GCC_C_LANGUAGE_STANDARD = gnu11;
				GCC_NO_COMMON_BLOCKS = YES;
				GCC_WARN_64_TO_32_BIT_CONVERSION = YES;
				GCC_WARN_ABOUT_RETURN_TYPE = YES_ERROR;
				GCC_WARN_UNDECLARED_SELECTOR = YES;
				GCC_WARN_UNINITIALIZED_AUTOS = YES_AGGRESSIVE;
				GCC_WARN_UNUSED_FUNCTION = YES;
				GCC_WARN_UNUSED_VARIABLE = YES;
				IPHONEOS_DEPLOYMENT_TARGET = 15.5;
				MTL_ENABLE_DEBUG_INFO = NO;
				MTL_FAST_MATH = YES;
				SDKROOT = iphoneos;
				SWIFT_COMPILATION_MODE = wholemodule;
				SWIFT_OPTIMIZATION_LEVEL = "-O";
				VALIDATE_PRODUCT = YES;
			};
			name = Release;
		};
		A4A7634C2A2294E6005FF392 /* Debug */ = {
			isa = XCBuildConfiguration;
			buildSettings = {
				ASSETCATALOG_COMPILER_APPICON_NAME = AppIcon;
				ASSETCATALOG_COMPILER_GLOBAL_ACCENT_COLOR_NAME = AccentColor;
				CODE_SIGN_STYLE = Automatic;
				CURRENT_PROJECT_VERSION = 1;
				GENERATE_INFOPLIST_FILE = YES;
				INFOPLIST_FILE = Demo_SwitchFromLoginToTabBar/Info.plist;
				INFOPLIST_KEY_UIApplicationSupportsIndirectInputEvents = YES;
				INFOPLIST_KEY_UILaunchStoryboardName = LaunchScreen;
				INFOPLIST_KEY_UISupportedInterfaceOrientations_iPad = "UIInterfaceOrientationPortrait UIInterfaceOrientationPortraitUpsideDown UIInterfaceOrientationLandscapeLeft UIInterfaceOrientationLandscapeRight";
				INFOPLIST_KEY_UISupportedInterfaceOrientations_iPhone = "UIInterfaceOrientationPortrait UIInterfaceOrientationLandscapeLeft UIInterfaceOrientationLandscapeRight";
				LD_RUNPATH_SEARCH_PATHS = (
					"$(inherited)",
					"@executable_path/Frameworks",
				);
				MARKETING_VERSION = 1.0;
				PRODUCT_BUNDLE_IDENTIFIER = "is.leason.Demo-SwitchFromLoginToTabBar";
				PRODUCT_NAME = "$(TARGET_NAME)";
				SWIFT_EMIT_LOC_STRINGS = YES;
				SWIFT_VERSION = 5.0;
				TARGETED_DEVICE_FAMILY = "1,2";
			};
			name = Debug;
		};
		A4A7634D2A2294E6005FF392 /* Release */ = {
			isa = XCBuildConfiguration;
			buildSettings = {
				ASSETCATALOG_COMPILER_APPICON_NAME = AppIcon;
				ASSETCATALOG_COMPILER_GLOBAL_ACCENT_COLOR_NAME = AccentColor;
				CODE_SIGN_STYLE = Automatic;
				CURRENT_PROJECT_VERSION = 1;
				GENERATE_INFOPLIST_FILE = YES;
				INFOPLIST_FILE = Demo_SwitchFromLoginToTabBar/Info.plist;
				INFOPLIST_KEY_UIApplicationSupportsIndirectInputEvents = YES;
				INFOPLIST_KEY_UILaunchStoryboardName = LaunchScreen;
				INFOPLIST_KEY_UISupportedInterfaceOrientations_iPad = "UIInterfaceOrientationPortrait UIInterfaceOrientationPortraitUpsideDown UIInterfaceOrientationLandscapeLeft UIInterfaceOrientationLandscapeRight";
				INFOPLIST_KEY_UISupportedInterfaceOrientations_iPhone = "UIInterfaceOrientationPortrait UIInterfaceOrientationLandscapeLeft UIInterfaceOrientationLandscapeRight";
				LD_RUNPATH_SEARCH_PATHS = (
					"$(inherited)",
					"@executable_path/Frameworks",
				);
				MARKETING_VERSION = 1.0;
				PRODUCT_BUNDLE_IDENTIFIER = "is.leason.Demo-SwitchFromLoginToTabBar";
				PRODUCT_NAME = "$(TARGET_NAME)";
				SWIFT_EMIT_LOC_STRINGS = YES;
				SWIFT_VERSION = 5.0;
				TARGETED_DEVICE_FAMILY = "1,2";
			};
			name = Release;
		};
/* End XCBuildConfiguration section */

/* Begin XCConfigurationList section */
		A4A763322A2294E1005FF392 /* Build configuration list for PBXProject "Demo_SwitchFromLoginToTabBar" */ = {
			isa = XCConfigurationList;
			buildConfigurations = (
				A4A763492A2294E6005FF392 /* Debug */,
				A4A7634A2A2294E6005FF392 /* Release */,
			);
			defaultConfigurationIsVisible = 0;
			defaultConfigurationName = Release;
		};
		A4A7634B2A2294E6005FF392 /* Build configuration list for PBXNativeTarget "Demo_SwitchFromLoginToTabBar" */ = {
			isa = XCConfigurationList;
			buildConfigurations = (
				A4A7634C2A2294E6005FF392 /* Debug */,
				A4A7634D2A2294E6005FF392 /* Release */,
			);
			defaultConfigurationIsVisible = 0;
			defaultConfigurationName = Release;
		};
/* End XCConfigurationList section */
	};
	rootObject = A4A7632F2A2294E1005FF392 /* Project object */;
}
